
Microsoft Visual Studio Solution File, Format Version 12.00
# Visual Studio Version 17
VisualStudioVersion = 17.0.32014.148
MinimumVisualStudioVersion = 10.0.40219.1
Project("{FAE04EC0-301F-11D3-BF4B-00C04F79EFBC}") = "Crm3", "Crm3\Crm3.csproj", "{C29179D1-8DD0-41E3-AB32-FB5CCAA120F9}"
EndProject
Global
	GlobalSection(SolutionConfigurationPlatforms) = preSolution
		Debug|Any CPU = Debug|Any CPU
		Release|Any CPU = Release|Any CPU
	EndGlobalSection
	GlobalSection(ProjectConfigurationPlatforms) = postSolution
		{C29179D1-8DD0-41E3-AB32-FB5CCAA120F9}.Debug|Any CPU.ActiveCfg = Debug|Any CPU
		{C29179D1-8DD0-41E3-AB32-FB5CCAA120F9}.Debug|Any CPU.Build.0 = Debug|Any CPU
		{C29179D1-8DD0-41E3-AB32-FB5CCAA120F9}.Release|Any CPU.ActiveCfg = Release|Any CPU
		{C29179D1-8DD0-41E3-AB32-FB5CCAA120F9}.Release|Any CPU.Build.0 = Release|Any CPU
	EndGlobalSection
	GlobalSection(SolutionProperties) = preSolution
		HideSolutionNode = FALSE
	EndGlobalSection
	GlobalSection(ExtensibilityGlobals) = postSolution
		SolutionGuid = {F97874A0-5919-406F-88A2-BA7C80822D03}
	EndGlobalSection
EndGlobal
